
Microsoft Visual Studio Solution File, Format Version 12.00
# Visual Studio Version 16
VisualStudioVersion = 16.0.30804.86
MinimumVisualStudioVersion = 10.0.40219.1
Project("{FAE04EC0-301F-11D3-BF4B-00C04F79EFBC}") = "Session_24", "Session_24\Session_24.csproj", "{D2DEC3B7-7C45-40F1-82B7-CB83FC3EC12D}"
EndProject
Global
	GlobalSection(SolutionConfigurationPlatforms) = preSolution
		Debug|Any CPU = Debug|Any CPU
		Release|Any CPU = Release|Any CPU
	EndGlobalSection
	GlobalSection(ProjectConfigurationPlatforms) = postSolution
		{D2DEC3B7-7C45-40F1-82B7-CB83FC3EC12D}.Debug|Any CPU.ActiveCfg = Debug|Any CPU
		{D2DEC3B7-7C45-40F1-82B7-CB83FC3EC12D}.Debug|Any CPU.Build.0 = Debug|Any CPU
		{D2DEC3B7-7C45-40F1-82B7-CB83FC3EC12D}.Release|Any CPU.ActiveCfg = Release|Any CPU
		{D2DEC3B7-7C45-40F1-82B7-CB83FC3EC12D}.Release|Any CPU.Build.0 = Release|Any CPU
	EndGlobalSection
	GlobalSection(SolutionProperties) = preSolution
		HideSolutionNode = FALSE
	EndGlobalSection
	GlobalSection(ExtensibilityGlobals) = postSolution
		SolutionGuid = {920165E0-30E8-4B7A-961E-632533E9A751}
	EndGlobalSection
EndGlobal
