
Microsoft Visual Studio Solution File, Format Version 12.00
# Visual Studio Version 16
VisualStudioVersion = 16.0.30611.23
MinimumVisualStudioVersion = 10.0.40219.1
Project("{FAE04EC0-301F-11D3-BF4B-00C04F79EFBC}") = "Session21", "Session21\Session21.csproj", "{B9BA2154-632C-4820-BB30-07C06E874322}"
EndProject
Global
	GlobalSection(SolutionConfigurationPlatforms) = preSolution
		Debug|Any CPU = Debug|Any CPU
		Release|Any CPU = Release|Any CPU
	EndGlobalSection
	GlobalSection(ProjectConfigurationPlatforms) = postSolution
		{B9BA2154-632C-4820-BB30-07C06E874322}.Debug|Any CPU.ActiveCfg = Debug|Any CPU
		{B9BA2154-632C-4820-BB30-07C06E874322}.Debug|Any CPU.Build.0 = Debug|Any CPU
		{B9BA2154-632C-4820-BB30-07C06E874322}.Release|Any CPU.ActiveCfg = Release|Any CPU
		{B9BA2154-632C-4820-BB30-07C06E874322}.Release|Any CPU.Build.0 = Release|Any CPU
	EndGlobalSection
	GlobalSection(SolutionProperties) = preSolution
		HideSolutionNode = FALSE
	EndGlobalSection
	GlobalSection(ExtensibilityGlobals) = postSolution
		SolutionGuid = {565204ED-B7CB-440C-BE3E-66FD60DC54C4}
	EndGlobalSection
EndGlobal
